// !$*UTF8*$!
{
	archiveVersion = 1;
	classes = {
	};
	objectVersion = 50;
	objects = {

/* Begin PBXBuildFile section */
		/*SOURCE_FILE*/
		70EC42F0163F701F007A327B /* assets in CopyFiles */ = {isa = PBXBuildFile; fileRef = 70EC42EF163F701F007A327B /* assets */; };
/* End PBXBuildFile section */

/* Begin PBXCopyFilesBuildPhase section */
		6BA632BB23DA085D008F13A2 /* CopyFiles */ = {
			isa = PBXCopyFilesBuildPhase;
			buildActionMask = 2147483647;
			dstPath = "";
			dstSubfolderSpec = 7;
			files = (
				70EC42F0163F701F007A327B /* assets in CopyFiles */,
			);
			runOnlyForDeploymentPostprocessing = 0;
		};
		6BFA080423EB71EB000E3724 /* Embed Libraries */ = {
			isa = PBXCopyFilesBuildPhase;
			buildActionMask = 2147483647;
			dstPath = "";
			dstSubfolderSpec = 10;
			files = (
				/*EMBED_LIBRARIES*/
			);
			name = "Embed Libraries";
			runOnlyForDeploymentPostprocessing = 0;
		};
/* End PBXCopyFilesBuildPhase section */

/* Begin PBXFileReference section */
		6BB5710323EDF9C300430CC2 /* PROJECT_NAME.framework */ = {isa = PBXFileReference; explicitFileType = wrapper.framework; includeInIndex = 0; path = PROJECT_NAME.framework; sourceTree = BUILT_PRODUCTS_DIR; };
		6BB5710723EDF9C300430CC2 /* Info.plist */ = {isa = PBXFileReference; lastKnownFileType = text.plist.xml; path = Info.plist; name = Info.plist; sourceTree = "<group>"; };
		70EC42EF163F701F007A327B /* assets */ = {isa = PBXFileReference; lastKnownFileType = folder; path = PROJECT_NAME/assets; name = assets; sourceTree = "<group>"; };
		/*SOURCE_FILE_REFERENCE*/
/* End PBXFileReference section */

/* Begin PBXFrameworksBuildPhase section */
		6BB5710023EDF9C300430CC2 /* Frameworks */ = {
			isa = PBXFrameworksBuildPhase;
			buildActionMask = 2147483647;
			files = (
				/*LIBRARIES_BUILD*/
			);
			runOnlyForDeploymentPostprocessing = 0;
		};
/* End PBXFrameworksBuildPhase section */

/* Begin PBXGroup section */
		6BB570F923EDF9C300430CC2 = {
			isa = PBXGroup;
			children = (
				/*SOURCE_ROOT*/
				6BB5710523EDF9C300430CC2 /* framework */,
				70EC42EF163F701F007A327B /* assets */,
				6BB5710423EDF9C300430CC2 /* Products */,
				6BFA07FE23EB71E9000E3732 /* Frameworks */,
			);
			sourceTree = "<group>";
		};
		6BFA07FE23EB71E9000E3732 /* Frameworks */ = {
			isa = PBXGroup;
			children = (
				/*LIBRARIES_LIST*/
			);
			name = Frameworks;
			sourceTree = "<group>";
		};
		6BB5710423EDF9C300430CC2 /* Products */ = {
			isa = PBXGroup;
			children = (
				6BB5710323EDF9C300430CC2 /* PROJECT_NAME.framework */,
			);
			name = Products;
			sourceTree = "<group>";
		};
		6BB5710523EDF9C300430CC2 /* framework */ = {
			isa = PBXGroup;
			children = (
				6BB5710723EDF9C300430CC2 /* Info.plist */,
			);
			path = PROJECT_NAME;
			sourceTree = "<group>";
		};
		/*SOURCE_DIRECTORIES*/
/* End PBXGroup section */

/* Begin PBXHeadersBuildPhase section */
		6BB570FE23EDF9C300430CC2 /* Headers */ = {
			isa = PBXHeadersBuildPhase;
			buildActionMask = 2147483647;
			files = (
				/*HEADER_FILES*/
			);
			runOnlyForDeploymentPostprocessing = 0;
		};
/* End PBXHeadersBuildPhase section */

/* Begin PBXNativeTarget section */
		6BB5710223EDF9C300430CC2 /* framework */ = {
			isa = PBXNativeTarget;
			buildConfigurationList = 6BB5710B23EDF9C300430CC2 /* Build configuration list for PBXNativeTarget "framework" */;
			buildPhases = (
				70EC42F8164036FC007A327B /* ShellScript */,
				6BB570FE23EDF9C300430CC2 /* Headers */,
				6BB570FF23EDF9C300430CC2 /* Sources */,
				6BB5710023EDF9C300430CC2 /* Frameworks */,
				6BB5710123EDF9C300430CC2 /* Resources */,
				6BA632BB23DA085D008F13A3 /* CopyFiles */,
				6BFA080423EB71EB000E3724 /* Embed Libraries */,
			);
			buildRules = (
			);
			dependencies = (
			);
			name = framework;
			productName = framework;
			productReference = 6BB5710323EDF9C300430CC2 /* PROJECT_NAME.framework */;
			productType = "com.apple.product-type.framework";
		};
/* End PBXNativeTarget section */

/* Begin PBXProject section */
		6BB570FA23EDF9C300430CC2 /* Project object */ = {
			isa = PBXProject;
			attributes = {
				LastUpgradeCheck = 1130;
				ORGANIZATIONNAME = "/*ORGANIZATION_NAME*/";
				TargetAttributes = {
					6BB5710223EDF9C300430CC2 = {
						CreatedOnToolsVersion = 11.3.1;
					};
				};
			};
			buildConfigurationList = 6BB570FD23EDF9C300430CC2 /* Build configuration list for PBXProject "framework" */;
			compatibilityVersion = "Xcode 9.3";
			developmentRegion = en;
			hasScannedForEncodings = 0;
			knownRegions = (
				en,
				Base,
			);
			mainGroup = 6BB570F923EDF9C300430CC2;
			productRefGroup = 6BB5710423EDF9C300430CC2 /* Products */;
			projectDirPath = "";
			projectRoot = "";
			targets = (
				6BB5710223EDF9C300430CC2 /* framework */,
			);
		};
/* End PBXProject section */

/* Begin PBXResourcesBuildPhase section */
		6BB5710123EDF9C300430CC2 /* Resources */ = {
			isa = PBXResourcesBuildPhase;
			buildActionMask = 2147483647;
			files = (
			);
			runOnlyForDeploymentPostprocessing = 0;
		};
/* End PBXResourcesBuildPhase section */

/* Begin PBXShellScriptBuildPhase section */
		70EC42F8164036FC007A327B /* ShellScript */ = {
			isa = PBXShellScriptBuildPhase;
			buildActionMask = 2147483647;
			files = (
			);
			inputPaths = (
			);
			outputPaths = (
			);
			runOnlyForDeploymentPostprocessing = 0;
			shellPath = /bin/sh;
			shellScript = "/*SHELL_SCRIPT*/";
		};
/* End PBXShellScriptBuildPhase section */

/* Begin PBXSourcesBuildPhase section */
		6BB570FF23EDF9C300430CC2 /* Sources */ = {
			isa = PBXSourcesBuildPhase;
			buildActionMask = 2147483647;
			files = (
				/*COMPILE_FILES*/
			);
			runOnlyForDeploymentPostprocessing = 0;
		};
/* End PBXSourcesBuildPhase section */

/* Begin XCBuildConfiguration section */
		6BB5710923EDF9C300430CC2 /* Debug */ = {
			isa = XCBuildConfiguration;
			buildSettings = {
				ALWAYS_SEARCH_USER_PATHS = NO;
				CLANG_ANALYZER_NONNULL = YES;
				CLANG_ANALYZER_NUMBER_OBJECT_CONVERSION = YES_AGGRESSIVE;
				CLANG_CXX_LANGUAGE_STANDARD = "/*CLANG_CXX_LANGUAGE_STANDARD*/";
				CLANG_CXX_LIBRARY = "/*CLANG_CXX_LIBRARY*/";
				CLANG_ENABLE_MODULES = YES;
				CLANG_ENABLE_OBJC_ARC = YES;
				CLANG_ENABLE_OBJC_WEAK = YES;
				CLANG_WARN_BLOCK_CAPTURE_AUTORELEASING = YES;
				CLANG_WARN_BOOL_CONVERSION = YES;
				CLANG_WARN_COMMA = YES;
				CLANG_WARN_CONSTANT_CONVERSION = YES;
				CLANG_WARN_DEPRECATED_OBJC_IMPLEMENTATIONS = YES;
				CLANG_WARN_DIRECT_OBJC_ISA_USAGE = YES_ERROR;
				CLANG_WARN_DOCUMENTATION_COMMENTS = YES;
				CLANG_WARN_EMPTY_BODY = YES;
				CLANG_WARN_ENUM_CONVERSION = YES;
				CLANG_WARN_INFINITE_RECURSION = YES;
				CLANG_WARN_INT_CONVERSION = YES;
				CLANG_WARN_NON_LITERAL_NULL_CONVERSION = YES;
				CLANG_WARN_OBJC_IMPLICIT_RETAIN_SELF = YES;
				CLANG_WARN_OBJC_LITERAL_CONVERSION = YES;
				CLANG_WARN_OBJC_ROOT_CLASS = YES_ERROR;
				CLANG_WARN_RANGE_LOOP_ANALYSIS = YES;
				CLANG_WARN_STRICT_PROTOTYPES = YES;
				CLANG_WARN_SUSPICIOUS_MOVE = YES;
				CLANG_WARN_UNGUARDED_AVAILABILITY = YES_AGGRESSIVE;
				CLANG_WARN_UNREACHABLE_CODE = YES;
				CLANG_WARN__DUPLICATE_METHOD_MATCH = YES;
				COPY_PHASE_STRIP = NO;
				CURRENT_PROJECT_VERSION = 1;
				DEBUG_INFORMATION_FORMAT = dwarf;
				ENABLE_STRICT_OBJC_MSGSEND = YES;
				ENABLE_TESTABILITY = YES;
				GCC_C_LANGUAGE_STANDARD = /*GCC_C_LANGUAGE_STANDARD*/;
				GCC_DYNAMIC_NO_PIC = NO;
				GCC_NO_COMMON_BLOCKS = YES;
				GCC_OPTIMIZATION_LEVEL = 0;
				GCC_WARN_64_TO_32_BIT_CONVERSION = YES;
				GCC_WARN_ABOUT_RETURN_TYPE = YES_ERROR;
				GCC_WARN_UNDECLARED_SELECTOR = YES;
				GCC_WARN_UNINITIALIZED_AUTOS = YES_AGGRESSIVE;
				GCC_WARN_UNUSED_FUNCTION = YES;
				GCC_WARN_UNUSED_VARIABLE = YES;
				MACOSX_DEPLOYMENT_TARGET = /*MACOSX_DEPLOYMENT_TARGET*/;
				MTL_ENABLE_DEBUG_INFO = INCLUDE_SOURCE;
				MTL_FAST_MATH = YES;
				ONLY_ACTIVE_ARCH = YES;
				SDKROOT = macosx;
				VERSIONING_SYSTEM = "apple-generic";
				VERSION_INFO_PREFIX = "";

				GCC_PREPROCESSOR_DEFINITIONS = (
					"DEBUG=1",
					"$(inherited)",
					/*DEFINES_DEBUG*/
				);
				FRAMEWORK_SEARCH_PATHS = (
					"$(inherited)",
					/*LIB_PATHS_DEBUG*/
				);
				HEADER_SEARCH_PATHS = (
					/*INCLUDES_DEBUG*/
				);
				LIBRARY_SEARCH_PATHS = (
					 /*LIB_PATHS_DEBUG*/
				);
				OTHER_CPLUSPLUSFLAGS = (
					"$(OTHER_CFLAGS)",
					/*BUILD_FLAGS_DEBUG*/
				);
				OTHER_LDFLAGS = (
					/*LINKER_FLAGS_DEBUG*/
				);
			};
			name = Debug;
		};
		6BB5710A23EDF9C300430CC2 /* Release */ = {
			isa = XCBuildConfiguration;
			buildSettings = {
				ALWAYS_SEARCH_USER_PATHS = NO;
				CLANG_ANALYZER_NONNULL = YES;
				CLANG_ANALYZER_NUMBER_OBJECT_CONVERSION = YES_AGGRESSIVE;
				CLANG_CXX_LANGUAGE_STANDARD = "/*CLANG_CXX_LANGUAGE_STANDARD*/";
				CLANG_CXX_LIBRARY = "/*CLANG_CXX_LIBRARY*/";
				CLANG_ENABLE_MODULES = YES;
				CLANG_ENABLE_OBJC_ARC = YES;
				CLANG_ENABLE_OBJC_WEAK = YES;
				CLANG_WARN_BLOCK_CAPTURE_AUTORELEASING = YES;
				CLANG_WARN_BOOL_CONVERSION = YES;
				CLANG_WARN_COMMA = YES;
				CLANG_WARN_CONSTANT_CONVERSION = YES;
				CLANG_WARN_DEPRECATED_OBJC_IMPLEMENTATIONS = YES;
				CLANG_WARN_DIRECT_OBJC_ISA_USAGE = YES_ERROR;
				CLANG_WARN_DOCUMENTATION_COMMENTS = YES;
				CLANG_WARN_EMPTY_BODY = YES;
				CLANG_WARN_ENUM_CONVERSION = YES;
				CLANG_WARN_INFINITE_RECURSION = YES;
				CLANG_WARN_INT_CONVERSION = YES;
				CLANG_WARN_NON_LITERAL_NULL_CONVERSION = YES;
				CLANG_WARN_OBJC_IMPLICIT_RETAIN_SELF = YES;
				CLANG_WARN_OBJC_LITERAL_CONVERSION = YES;
				CLANG_WARN_OBJC_ROOT_CLASS = YES_ERROR;
				CLANG_WARN_RANGE_LOOP_ANALYSIS = YES;
				CLANG_WARN_STRICT_PROTOTYPES = YES;
				CLANG_WARN_SUSPICIOUS_MOVE = YES;
				CLANG_WARN_UNGUARDED_AVAILABILITY = YES_AGGRESSIVE;
				CLANG_WARN_UNREACHABLE_CODE = YES;
				CLANG_WARN__DUPLICATE_METHOD_MATCH = YES;
				COPY_PHASE_STRIP = NO;
				CURRENT_PROJECT_VERSION = 1;
				DEBUG_INFORMATION_FORMAT = "dwarf-with-dsym";
				ENABLE_NS_ASSERTIONS = NO;
				ENABLE_STRICT_OBJC_MSGSEND = YES;
				GCC_C_LANGUAGE_STANDARD = /*GCC_C_LANGUAGE_STANDARD*/;
				GCC_NO_COMMON_BLOCKS = YES;
				GCC_WARN_64_TO_32_BIT_CONVERSION = YES;
				GCC_WARN_ABOUT_RETURN_TYPE = YES_ERROR;
				GCC_WARN_UNDECLARED_SELECTOR = YES;
				GCC_WARN_UNINITIALIZED_AUTOS = YES_AGGRESSIVE;
				GCC_WARN_UNUSED_FUNCTION = YES;
				GCC_WARN_UNUSED_VARIABLE = YES;
				MACOSX_DEPLOYMENT_TARGET = /*MACOSX_DEPLOYMENT_TARGET*/;
				MTL_ENABLE_DEBUG_INFO = NO;
				MTL_FAST_MATH = YES;
				SDKROOT = macosx;
				VERSIONING_SYSTEM = "apple-generic";
				VERSION_INFO_PREFIX = "";

				GCC_PREPROCESSOR_DEFINITIONS = (
					"$(inherited)",
					/*DEFINES_RELEASE*/
				);
				FRAMEWORK_SEARCH_PATHS = (
					"$(inherited)",
					/*LIB_PATHS_RELEASE*/
				);
				HEADER_SEARCH_PATHS = (
					/*INCLUDES_RELEASE*/
				);
				LIBRARY_SEARCH_PATHS = (
					 /*LIB_PATHS_RELEASE*/
				);
				OTHER_CPLUSPLUSFLAGS = (
					"$(OTHER_CFLAGS)",
					/*BUILD_FLAGS_RELEASE*/
				);
				OTHER_LDFLAGS = (
					/*LINKER_FLAGS_RELEASE*/
				);
			};
			name = Release;
		};
		6BB5710C23EDF9C300430CC2 /* Debug */ = {
			isa = XCBuildConfiguration;
			buildSettings = {
				CODE_SIGN_STYLE = Automatic;
				COMBINE_HIDPI_IMAGES = YES;
				DEFINES_MODULE = YES;
				DYLIB_COMPATIBILITY_VERSION = 1;
				DYLIB_CURRENT_VERSION = 1;
				DYLIB_INSTALL_NAME_BASE = "@rpath";
				INFOPLIST_FILE = PROJECT_NAME/Info.plist;
				INSTALL_PATH = "$(LOCAL_LIBRARY_DIR)/Frameworks";
				LD_RUNPATH_SEARCH_PATHS = (
					"$(inherited)",
					"@executable_path/../Frameworks",
					"@loader_path/Frameworks",
				);
				PRODUCT_BUNDLE_IDENTIFIER = /*PRODUCT_BUNDLE_IDENTIFIER*/;
				PRODUCT_NAME = "$(TARGET_NAME:c99extidentifier)";
				SKIP_INSTALL = YES;
			};
			name = Debug;
		};
		6BB5710D23EDF9C300430CC2 /* Release */ = {
			isa = XCBuildConfiguration;
			buildSettings = {
				CODE_SIGN_STYLE = Automatic;
				COMBINE_HIDPI_IMAGES = YES;
				DEFINES_MODULE = YES;
				DYLIB_COMPATIBILITY_VERSION = 1;
				DYLIB_CURRENT_VERSION = 1;
				DYLIB_INSTALL_NAME_BASE = "@rpath";
				INFOPLIST_FILE = PROJECT_NAME/Info.plist;
				INSTALL_PATH = "$(LOCAL_LIBRARY_DIR)/Frameworks";
				LD_RUNPATH_SEARCH_PATHS = (
					"$(inherited)",
					"@executable_path/../Frameworks",
					"@loader_path/Frameworks",
				);
				PRODUCT_BUNDLE_IDENTIFIER = /*PRODUCT_BUNDLE_IDENTIFIER*/;
				PRODUCT_NAME = "$(TARGET_NAME:c99extidentifier)";
				SKIP_INSTALL = YES;
			};
			name = Release;
		};
/* End XCBuildConfiguration section */

/* Begin XCConfigurationList section */
		6BB570FD23EDF9C300430CC2 /* Build configuration list for PBXProject "framework" */ = {
			isa = XCConfigurationList;
			buildConfigurations = (
				6BB5710923EDF9C300430CC2 /* Debug */,
				6BB5710A23EDF9C300430CC2 /* Release */,
			);
			defaultConfigurationIsVisible = 0;
			defaultConfigurationName = Release;
		};
		6BB5710B23EDF9C300430CC2 /* Build configuration list for PBXNativeTarget "framework" */ = {
			isa = XCConfigurationList;
			buildConfigurations = (
				6BB5710C23EDF9C300430CC2 /* Debug */,
				6BB5710D23EDF9C300430CC2 /* Release */,
			);
			defaultConfigurationIsVisible = 0;
			defaultConfigurationName = Release;
		};
/* End XCConfigurationList section */
	};
	rootObject = 6BB570FA23EDF9C300430CC2 /* Project object */;
}
