<?xml version="1.0" encoding="utf-8"?>
<Project ToolsVersion="4.0" xmlns="http://schemas.microsoft.com/developer/msbuild/2003">
  <ItemGroup>
    <!--[DIRECTORIES]-->
  </ItemGroup>
  <ItemGroup>
    <!--[COMPILE_FILES]-->
  </ItemGroup>
  <ItemGroup>
    <!--[INCLUDE_FILES]-->
  </ItemGroup>
  <ItemGroup>
    <!--[ASSET_FILES]-->
  </ItemGroup>
</Project>