// !$*UTF8*$!
{
	archiveVersion = 1;
	classes = {
	};
	objectVersion = 50;
	objects = {

/* Begin PBXBuildFile section */
		/*SOURCE_FILE*/
/* End PBXBuildFile section */

/* Begin PBXFileReference section */
		6BA632D023DA08CC008F13A0 /* PROJECT_NAME.a */ = {isa = PBXFileReference; explicitFileType = archive.ar; includeInIndex = 0; path = PROJECT_NAME.a; sourceTree = BUILT_PRODUCTS_DIR; };
		/*SOURCE_FILE_REFERENCE*/
/* End PBXFileReference section */

/* Begin PBXFrameworksBuildPhase section */
		6BA632CE23DA08CC008F13A0 /* Frameworks */ = {
			isa = PBXFrameworksBuildPhase;
			buildActionMask = 2147483647;
			files = (
				/*LIBRARIES_BUILD*/
			);
			runOnlyForDeploymentPostprocessing = 0;
		};
/* End PBXFrameworksBuildPhase section */

/* Begin PBXGroup section */
		6BA632C723DA08CC008F13A0 = {
			isa = PBXGroup;
			children = (
				/*SOURCE_ROOT*/
				6BA632D123DA08CC008F13A0 /* Products */,
				6BFA080723EB71FB000E3722 /* Frameworks */,
			);
			sourceTree = "<group>";
		};
		6BA632D123DA08CC008F13A0 /* Products */ = {
			isa = PBXGroup;
			children = (
				6BA632D023DA08CC008F13A0 /* PROJECT_NAME.a */,
			);
			name = Products;
			sourceTree = "<group>";
		};
		6BFA080723EB71FB000E3722 /* Frameworks */ = {
			isa = PBXGroup;
			children = (
				/*LIBRARIES_LIST*/
			);
			name = Frameworks;
			sourceTree = "<group>";
		};

		/*SOURCE_DIRECTORIES*/
/* End PBXGroup section */

/* Begin PBXHeadersBuildPhase section */
		6BA632CC23DA08CC008F13A0 /* Headers */ = {
			isa = PBXHeadersBuildPhase;
			buildActionMask = 2147483647;
			files = (
				/*HEADER_FILES*/
			);
			runOnlyForDeploymentPostprocessing = 0;
		};
/* End PBXHeadersBuildPhase section */

/* Begin PBXNativeTarget section */
		PROJECT_ID /* PROJECT_NAME */ = {
			isa = PBXNativeTarget;
			buildConfigurationList = 6BA632D423DA08CC008F13A0 /* Build configuration list for PBXNativeTarget "PROJECT_NAME" */;
			buildPhases = (
				6BA632CC23DA08CC008F13A0 /* Headers */,
				6BA632CD23DA08CC008F13A0 /* Sources */,
				6BA632CE23DA08CC008F13A0 /* Frameworks */,
			);
			buildRules = (
			);
			dependencies = (
			);
			name = PROJECT_NAME;
			productName = PROJECT_NAME;
			productReference = 6BA632D023DA08CC008F13A0 /* PROJECT_NAME.a */;
			productType = "com.apple.product-type.library.static";
		};
/* End PBXNativeTarget section */

/* Begin PBXProject section */
		6BA632C823DA08CC008F13A0 /* Project object */ = {
			isa = PBXProject;
			attributes = {
				LastUpgradeCheck = 1130;
				ORGANIZATIONNAME = "/*ORGANIZATION_NAME*/";
				TargetAttributes = {
					PROJECT_ID = {
						CreatedOnToolsVersion = 11.3.1;
					};
				};
			};
			buildConfigurationList = 6BA632CB23DA08CC008F13A0 /* Build configuration list for PBXProject "PROJECT_NAME" */;
			compatibilityVersion = "Xcode 9.3";
			developmentRegion = en;
			hasScannedForEncodings = 0;
			knownRegions = (
				en,
				Base,
			);
			mainGroup = 6BA632C723DA08CC008F13A0;
			productRefGroup = 6BA632D123DA08CC008F13A0 /* Products */;
			projectDirPath = "";
			projectRoot = "";
			targets = (
				PROJECT_ID /* PROJECT_NAME */,
			);
		};
/* End PBXProject section */

/* Begin PBXSourcesBuildPhase section */
		6BA632CD23DA08CC008F13A0 /* Sources */ = {
			isa = PBXSourcesBuildPhase;
			buildActionMask = 2147483647;
			files = (
				/*COMPILE_FILES*/
			);
			runOnlyForDeploymentPostprocessing = 0;
		};
/* End PBXSourcesBuildPhase section */

/* Begin XCBuildConfiguration section */
		6BA632D223DA08CC008F13A0 /* Debug */ = {
			isa = XCBuildConfiguration;
			buildSettings = {
				ALWAYS_SEARCH_USER_PATHS = NO;
				CLANG_ANALYZER_NONNULL = YES;
				CLANG_ANALYZER_NUMBER_OBJECT_CONVERSION = YES_AGGRESSIVE;
				CLANG_CXX_LANGUAGE_STANDARD = "/*CLANG_CXX_LANGUAGE_STANDARD*/";
				CLANG_CXX_LIBRARY = "/*CLANG_CXX_LIBRARY*/";
				CLANG_ENABLE_MODULES = YES;
				CLANG_ENABLE_OBJC_ARC = YES;
				CLANG_ENABLE_OBJC_WEAK = YES;
				CLANG_WARN_BLOCK_CAPTURE_AUTORELEASING = YES;
				CLANG_WARN_BOOL_CONVERSION = YES;
				CLANG_WARN_COMMA = YES;
				CLANG_WARN_CONSTANT_CONVERSION = YES;
				CLANG_WARN_DEPRECATED_OBJC_IMPLEMENTATIONS = YES;
				CLANG_WARN_DIRECT_OBJC_ISA_USAGE = YES_ERROR;
				CLANG_WARN_DOCUMENTATION_COMMENTS = YES;
				CLANG_WARN_EMPTY_BODY = YES;
				CLANG_WARN_ENUM_CONVERSION = YES;
				CLANG_WARN_INFINITE_RECURSION = YES;
				CLANG_WARN_INT_CONVERSION = YES;
				CLANG_WARN_NON_LITERAL_NULL_CONVERSION = YES;
				CLANG_WARN_OBJC_IMPLICIT_RETAIN_SELF = YES;
				CLANG_WARN_OBJC_LITERAL_CONVERSION = YES;
				CLANG_WARN_OBJC_ROOT_CLASS = YES_ERROR;
				CLANG_WARN_RANGE_LOOP_ANALYSIS = YES;
				CLANG_WARN_STRICT_PROTOTYPES = YES;
				CLANG_WARN_SUSPICIOUS_MOVE = YES;
				CLANG_WARN_UNGUARDED_AVAILABILITY = YES_AGGRESSIVE;
				CLANG_WARN_UNREACHABLE_CODE = YES;
				CLANG_WARN__DUPLICATE_METHOD_MATCH = YES;
				COPY_PHASE_STRIP = NO;
				DEBUG_INFORMATION_FORMAT = dwarf;
				ENABLE_STRICT_OBJC_MSGSEND = YES;
				ENABLE_TESTABILITY = YES;
				GCC_C_LANGUAGE_STANDARD = /*GCC_C_LANGUAGE_STANDARD*/;
				GCC_DYNAMIC_NO_PIC = NO;
				GCC_NO_COMMON_BLOCKS = YES;
				GCC_OPTIMIZATION_LEVEL = 0;
				GCC_WARN_64_TO_32_BIT_CONVERSION = YES;
				GCC_WARN_ABOUT_RETURN_TYPE = YES_ERROR;
				GCC_WARN_UNDECLARED_SELECTOR = YES;
				GCC_WARN_UNINITIALIZED_AUTOS = YES_AGGRESSIVE;
				GCC_WARN_UNUSED_FUNCTION = YES;
				GCC_WARN_UNUSED_VARIABLE = YES;
				MACOSX_DEPLOYMENT_TARGET = /*MACOSX_DEPLOYMENT_TARGET*/;
				MTL_ENABLE_DEBUG_INFO = INCLUDE_SOURCE;
				MTL_FAST_MATH = YES;
				ONLY_ACTIVE_ARCH = YES;
				SDKROOT = macosx;

				ARCHS = (
					/*ARCHS_DEBUG*/
				);

				GCC_PREPROCESSOR_DEFINITIONS = (
					"DEBUG=1",
					"$(inherited)",
					/*DEFINES_DEBUG*/
				);
				FRAMEWORK_SEARCH_PATHS = (
					"$(inherited)",
					/*LIB_PATHS_DEBUG*/
				);
				HEADER_SEARCH_PATHS = (
					/*INCLUDES_DEBUG*/
				);
				LIBRARY_SEARCH_PATHS = (
					 /*LIB_PATHS_DEBUG*/
				);
				OTHER_CPLUSPLUSFLAGS = (
					"$(OTHER_CFLAGS)",
					/*BUILD_FLAGS_DEBUG*/
				);
				OTHER_LDFLAGS = (
					/*LINKER_FLAGS_DEBUG*/
				);
			};
			name = Debug;
		};
		6BA632D323DA08CC008F13A0 /* Release */ = {
			isa = XCBuildConfiguration;
			buildSettings = {
				ALWAYS_SEARCH_USER_PATHS = NO;
				CLANG_ANALYZER_NONNULL = YES;
				CLANG_ANALYZER_NUMBER_OBJECT_CONVERSION = YES_AGGRESSIVE;
				CLANG_CXX_LANGUAGE_STANDARD = "/*CLANG_CXX_LANGUAGE_STANDARD*/";
				CLANG_CXX_LIBRARY = "/*CLANG_CXX_LIBRARY*/";
				CLANG_ENABLE_MODULES = YES;
				CLANG_ENABLE_OBJC_ARC = YES;
				CLANG_ENABLE_OBJC_WEAK = YES;
				CLANG_WARN_BLOCK_CAPTURE_AUTORELEASING = YES;
				CLANG_WARN_BOOL_CONVERSION = YES;
				CLANG_WARN_COMMA = YES;
				CLANG_WARN_CONSTANT_CONVERSION = YES;
				CLANG_WARN_DEPRECATED_OBJC_IMPLEMENTATIONS = YES;
				CLANG_WARN_DIRECT_OBJC_ISA_USAGE = YES_ERROR;
				CLANG_WARN_DOCUMENTATION_COMMENTS = YES;
				CLANG_WARN_EMPTY_BODY = YES;
				CLANG_WARN_ENUM_CONVERSION = YES;
				CLANG_WARN_INFINITE_RECURSION = YES;
				CLANG_WARN_INT_CONVERSION = YES;
				CLANG_WARN_NON_LITERAL_NULL_CONVERSION = YES;
				CLANG_WARN_OBJC_IMPLICIT_RETAIN_SELF = YES;
				CLANG_WARN_OBJC_LITERAL_CONVERSION = YES;
				CLANG_WARN_OBJC_ROOT_CLASS = YES_ERROR;
				CLANG_WARN_RANGE_LOOP_ANALYSIS = YES;
				CLANG_WARN_STRICT_PROTOTYPES = YES;
				CLANG_WARN_SUSPICIOUS_MOVE = YES;
				CLANG_WARN_UNGUARDED_AVAILABILITY = YES_AGGRESSIVE;
				CLANG_WARN_UNREACHABLE_CODE = YES;
				CLANG_WARN__DUPLICATE_METHOD_MATCH = YES;
				COPY_PHASE_STRIP = NO;
				DEBUG_INFORMATION_FORMAT = "dwarf-with-dsym";
				ENABLE_NS_ASSERTIONS = NO;
				ENABLE_STRICT_OBJC_MSGSEND = YES;
				GCC_C_LANGUAGE_STANDARD = /*GCC_C_LANGUAGE_STANDARD*/;
				GCC_NO_COMMON_BLOCKS = YES;
				GCC_WARN_64_TO_32_BIT_CONVERSION = YES;
				GCC_WARN_ABOUT_RETURN_TYPE = YES_ERROR;
				GCC_WARN_UNDECLARED_SELECTOR = YES;
				GCC_WARN_UNINITIALIZED_AUTOS = YES_AGGRESSIVE;
				GCC_WARN_UNUSED_FUNCTION = YES;
				GCC_WARN_UNUSED_VARIABLE = YES;
				MACOSX_DEPLOYMENT_TARGET = /*MACOSX_DEPLOYMENT_TARGET*/;
				MTL_ENABLE_DEBUG_INFO = NO;
				MTL_FAST_MATH = YES;
				SDKROOT = macosx;

				ARCHS = (
					/*ARCHS_RELEASE*/
				);

				GCC_PREPROCESSOR_DEFINITIONS = (
					"$(inherited)",
					/*DEFINES_RELEASE*/
				);
				FRAMEWORK_SEARCH_PATHS = (
					"$(inherited)",
					/*LIB_PATHS_RELEASE*/
				);
				HEADER_SEARCH_PATHS = (
					/*INCLUDES_RELEASE*/
				);
				LIBRARY_SEARCH_PATHS = (
					 /*LIB_PATHS_RELEASE*/
				);
				OTHER_CPLUSPLUSFLAGS = (
					"$(OTHER_CFLAGS)",
					/*BUILD_FLAGS_RELEASE*/
				);
				OTHER_LDFLAGS = (
					/*LINKER_FLAGS_RELEASE*/
				);
			};
			name = Release;
		};
		6BA632D523DA08CC008F13A0 /* Debug */ = {
			isa = XCBuildConfiguration;
			buildSettings = {
				CODE_SIGN_STYLE = Automatic;
				EXECUTABLE_PREFIX = "";
				PRODUCT_NAME = "$(TARGET_NAME)";
				SKIP_INSTALL = YES;
			};
			name = Debug;
		};
		6BA632D623DA08CC008F13A0 /* Release */ = {
			isa = XCBuildConfiguration;
			buildSettings = {
				CODE_SIGN_STYLE = Automatic;
				EXECUTABLE_PREFIX = "";
				PRODUCT_NAME = "$(TARGET_NAME)";
				SKIP_INSTALL = YES;
			};
			name = Release;
		};
/* End XCBuildConfiguration section */

/* Begin XCConfigurationList section */
		6BA632CB23DA08CC008F13A0 /* Build configuration list for PBXProject "PROJECT_NAME" */ = {
			isa = XCConfigurationList;
			buildConfigurations = (
				6BA632D223DA08CC008F13A0 /* Debug */,
				6BA632D323DA08CC008F13A0 /* Release */,
			);
			defaultConfigurationIsVisible = 0;
			defaultConfigurationName = Release;
		};
		6BA632D423DA08CC008F13A0 /* Build configuration list for PBXNativeTarget "PROJECT_NAME" */ = {
			isa = XCConfigurationList;
			buildConfigurations = (
				6BA632D523DA08CC008F13A0 /* Debug */,
				6BA632D623DA08CC008F13A0 /* Release */,
			);
			defaultConfigurationIsVisible = 0;
			defaultConfigurationName = Release;
		};
/* End XCConfigurationList section */
	};
	rootObject = 6BA632C823DA08CC008F13A0 /* Project object */;
}
