// !$*UTF8*$!
{
	archiveVersion = 1;
	classes = {
	};
	objectVersion = 50;
	objects = {

/* Begin PBXBuildFile section */
		6BFF408123EDCB6800C3629C /* Assets.xcassets in Resources */ = {isa = PBXBuildFile; fileRef = 6BFF408023EDCB6800C3629C /* Assets.xcassets */; };
		/*SOURCE_FILE*/
/* End PBXBuildFile section */

/* Begin PBXCopyFilesBuildPhase section */
		6BA632BB23DA085D008F13A1 /* CopyFiles */ = {
			isa = PBXCopyFilesBuildPhase;
			buildActionMask = 2147483647;
			dstPath = /usr/share/man/man1/;
			dstSubfolderSpec = 0;
			files = (
			);
			runOnlyForDeploymentPostprocessing = 1;
		};
		6BFA080423EB71EB000E3722 /* Embed Libraries */ = {
			isa = PBXCopyFilesBuildPhase;
			buildActionMask = 2147483647;
			dstPath = "";
			dstSubfolderSpec = 10;
			files = (
				/*EMBED_LIBRARIES*/
			);
			name = "Embed Libraries";
			runOnlyForDeploymentPostprocessing = 0;
		};
/* End PBXCopyFilesBuildPhase section */

/* Begin PBXFileReference section */
		6BFF407A23EDCB6400C3629C /* PROJECT_NAME.app */ = {isa = PBXFileReference; explicitFileType = wrapper.application; includeInIndex = 0; path = PROJECT_NAME.app; sourceTree = BUILT_PRODUCTS_DIR; };
		6BFF408023EDCB6800C3629C /* Assets.xcassets */ = {isa = PBXFileReference; lastKnownFileType = folder.assetcatalog; path = Assets.xcassets; sourceTree = "<group>"; };
		6BFF408523EDCB6800C3629C /* Info.plist */ = {isa = PBXFileReference; lastKnownFileType = text.plist.xml; path = Info.plist; sourceTree = "<group>"; };
		6BFF408823EDCB6800C3629C /* app.entitlements */ = {isa = PBXFileReference; lastKnownFileType = text.plist.entitlements; path = app.entitlements; sourceTree = "<group>"; };
		/*SOURCE_FILE_REFERENCE*/
/* End PBXFileReference section */

/* Begin PBXFrameworksBuildPhase section */
		6BFF407723EDCB6400C3629C /* Frameworks */ = {
			isa = PBXFrameworksBuildPhase;
			buildActionMask = 2147483647;
			files = (
				/*LIBRARIES_BUILD*/
			);
			runOnlyForDeploymentPostprocessing = 0;
		};
/* End PBXFrameworksBuildPhase section */

/* Begin PBXGroup section */
		6BFF407123EDCB6400C3629C = {
			isa = PBXGroup;
			children = (
				/*SOURCE_ROOT*/
				6BFF407C23EDCB6400C3629C /* app */,
				6BFF407B23EDCB6400C3629C /* Products */,
				6BFA07FE23EB71E9000E3722 /* Frameworks */,
			);
			sourceTree = "<group>";
		};
		6BFA07FE23EB71E9000E3722 /* Frameworks */ = {
			isa = PBXGroup;
			children = (
				/*LIBRARIES_LIST*/
			);
			name = Frameworks;
			sourceTree = "<group>";
		};
		6BFF407B23EDCB6400C3629C /* Products */ = {
			isa = PBXGroup;
			children = (
				6BFF407A23EDCB6400C3629C /* PROJECT_NAME.app */,
			);
			name = Products;
			sourceTree = "<group>";
		};
		6BFF407C23EDCB6400C3629C /* app */ = {
			isa = PBXGroup;
			children = (
				6BFF408023EDCB6800C3629C /* Assets.xcassets */,
				6BFF408523EDCB6800C3629C /* Info.plist */,
				6BFF408823EDCB6800C3629C /* app.entitlements */,
			);
			path = app;
			sourceTree = "<group>";
		};

		/*SOURCE_DIRECTORIES*/
/* End PBXGroup section */

/* Begin PBXNativeTarget section */
		6BFF407923EDCB6400C3629C /* app */ = {
			isa = PBXNativeTarget;
			buildConfigurationList = 6BFF408B23EDCB6800C3629C /* Build configuration list for PBXNativeTarget "app" */;
			buildPhases = (
				6BFF407623EDCB6400C3629C /* Sources */,
				6BFF407723EDCB6400C3629C /* Frameworks */,
				6BFF407823EDCB6400C3629C /* Resources */,
				6BA632BB23DA085D008F13A1 /* CopyFiles */,
				6BFA080423EB71EB000E3722 /* Embed Libraries */,
			);
			buildRules = (
			);
			dependencies = (
			);
			name = app;
			productName = app;
			productReference = 6BFF407A23EDCB6400C3629C /* PROJECT_NAME.app */;
			productType = "com.apple.product-type.application";
		};
/* End PBXNativeTarget section */

/* Begin PBXProject section */
		6BFF407223EDCB6400C3629C /* Project object */ = {
			isa = PBXProject;
			attributes = {
				LastUpgradeCheck = 1130;
				ORGANIZATIONNAME = "/*ORGANIZATIONNAME*/";
				TargetAttributes = {
					6BFF407923EDCB6400C3629C = {
						CreatedOnToolsVersion = 11.3.1;
					};
				};
			};
			buildConfigurationList = 6BFF407523EDCB6400C3629C /* Build configuration list for PBXProject "app" */;
			compatibilityVersion = "Xcode 9.3";
			developmentRegion = en;
			hasScannedForEncodings = 0;
			knownRegions = (
				en,
				Base,
			);
			mainGroup = 6BFF407123EDCB6400C3629C;
			productRefGroup = 6BFF407B23EDCB6400C3629C /* Products */;
			projectDirPath = "";
			projectRoot = "";
			targets = (
				6BFF407923EDCB6400C3629C /* app */,
			);
		};
/* End PBXProject section */

/* Begin PBXResourcesBuildPhase section */
		6BFF407823EDCB6400C3629C /* Resources */ = {
			isa = PBXResourcesBuildPhase;
			buildActionMask = 2147483647;
			files = (
				6BFF408123EDCB6800C3629C /* Assets.xcassets in Resources */,
			);
			runOnlyForDeploymentPostprocessing = 0;
		};
/* End PBXResourcesBuildPhase section */

/* Begin PBXSourcesBuildPhase section */
		6BFF407623EDCB6400C3629C /* Sources */ = {
			isa = PBXSourcesBuildPhase;
			buildActionMask = 2147483647;
			files = (
				/*COMPILE_FILES*/
			);
			runOnlyForDeploymentPostprocessing = 0;
		};
/* End PBXSourcesBuildPhase section */

/* Begin XCBuildConfiguration section */
		6BFF408923EDCB6800C3629C /* Debug */ = {
			isa = XCBuildConfiguration;
			buildSettings = {
				ALWAYS_SEARCH_USER_PATHS = NO;
				CLANG_ANALYZER_NONNULL = YES;
				CLANG_ANALYZER_NUMBER_OBJECT_CONVERSION = YES_AGGRESSIVE;
				CLANG_CXX_LANGUAGE_STANDARD = "/*CLANG_CXX_LANGUAGE_STANDARD*/";
				CLANG_CXX_LIBRARY = "/*CLANG_CXX_LIBRARY*/";
				CLANG_ENABLE_MODULES = YES;
				CLANG_ENABLE_OBJC_ARC = YES;
				CLANG_ENABLE_OBJC_WEAK = YES;
				CLANG_WARN_BLOCK_CAPTURE_AUTORELEASING = YES;
				CLANG_WARN_BOOL_CONVERSION = YES;
				CLANG_WARN_COMMA = YES;
				CLANG_WARN_CONSTANT_CONVERSION = YES;
				CLANG_WARN_DEPRECATED_OBJC_IMPLEMENTATIONS = YES;
				CLANG_WARN_DIRECT_OBJC_ISA_USAGE = YES_ERROR;
				CLANG_WARN_DOCUMENTATION_COMMENTS = YES;
				CLANG_WARN_EMPTY_BODY = YES;
				CLANG_WARN_ENUM_CONVERSION = YES;
				CLANG_WARN_INFINITE_RECURSION = YES;
				CLANG_WARN_INT_CONVERSION = YES;
				CLANG_WARN_NON_LITERAL_NULL_CONVERSION = YES;
				CLANG_WARN_OBJC_IMPLICIT_RETAIN_SELF = YES;
				CLANG_WARN_OBJC_LITERAL_CONVERSION = YES;
				CLANG_WARN_OBJC_ROOT_CLASS = YES_ERROR;
				CLANG_WARN_RANGE_LOOP_ANALYSIS = YES;
				CLANG_WARN_STRICT_PROTOTYPES = YES;
				CLANG_WARN_SUSPICIOUS_MOVE = YES;
				CLANG_WARN_UNGUARDED_AVAILABILITY = YES_AGGRESSIVE;
				CLANG_WARN_UNREACHABLE_CODE = YES;
				CLANG_WARN__DUPLICATE_METHOD_MATCH = YES;
				COPY_PHASE_STRIP = NO;
				DEBUG_INFORMATION_FORMAT = dwarf;
				ENABLE_STRICT_OBJC_MSGSEND = YES;
				ENABLE_TESTABILITY = YES;
				GCC_C_LANGUAGE_STANDARD = /*GCC_C_LANGUAGE_STANDARD*/;
				GCC_DYNAMIC_NO_PIC = NO;
				GCC_NO_COMMON_BLOCKS = YES;
				GCC_OPTIMIZATION_LEVEL = 0;
				GCC_WARN_64_TO_32_BIT_CONVERSION = YES;
				GCC_WARN_ABOUT_RETURN_TYPE = YES_ERROR;
				GCC_WARN_UNDECLARED_SELECTOR = YES;
				GCC_WARN_UNINITIALIZED_AUTOS = YES_AGGRESSIVE;
				GCC_WARN_UNUSED_FUNCTION = YES;
				GCC_WARN_UNUSED_VARIABLE = YES;
				MACOSX_DEPLOYMENT_TARGET = /*MACOSX_DEPLOYMENT_TARGET*/;
				MTL_ENABLE_DEBUG_INFO = INCLUDE_SOURCE;
				MTL_FAST_MATH = YES;
				ONLY_ACTIVE_ARCH = YES;
				SDKROOT = macosx;

				GCC_PREPROCESSOR_DEFINITIONS = (
					"DEBUG=1",
					"$(inherited)",
					/*DEFINES_DEBUG*/
				);
				FRAMEWORK_SEARCH_PATHS = (
					"$(inherited)",
					/*LIB_PATHS_DEBUG*/
				);
				HEADER_SEARCH_PATHS = (
					/*INCLUDES_DEBUG*/
				);
				LIBRARY_SEARCH_PATHS = (
					 /*LIB_PATHS_DEBUG*/
				);
				OTHER_CPLUSPLUSFLAGS = (
					"$(OTHER_CFLAGS)",
					/*BUILD_FLAGS_DEBUG*/
				);
				OTHER_LDFLAGS = (
					/*LINKER_FLAGS_DEBUG*/
				);
			};
			name = Debug;
		};
		6BFF408A23EDCB6800C3629C /* Release */ = {
			isa = XCBuildConfiguration;
			buildSettings = {
				ALWAYS_SEARCH_USER_PATHS = NO;
				CLANG_ANALYZER_NONNULL = YES;
				CLANG_ANALYZER_NUMBER_OBJECT_CONVERSION = YES_AGGRESSIVE;
				CLANG_CXX_LANGUAGE_STANDARD = "/*CLANG_CXX_LANGUAGE_STANDARD*/";
				CLANG_CXX_LIBRARY = "/*CLANG_CXX_LIBRARY*/";
				CLANG_ENABLE_MODULES = YES;
				CLANG_ENABLE_OBJC_ARC = YES;
				CLANG_ENABLE_OBJC_WEAK = YES;
				CLANG_WARN_BLOCK_CAPTURE_AUTORELEASING = YES;
				CLANG_WARN_BOOL_CONVERSION = YES;
				CLANG_WARN_COMMA = YES;
				CLANG_WARN_CONSTANT_CONVERSION = YES;
				CLANG_WARN_DEPRECATED_OBJC_IMPLEMENTATIONS = YES;
				CLANG_WARN_DIRECT_OBJC_ISA_USAGE = YES_ERROR;
				CLANG_WARN_DOCUMENTATION_COMMENTS = YES;
				CLANG_WARN_EMPTY_BODY = YES;
				CLANG_WARN_ENUM_CONVERSION = YES;
				CLANG_WARN_INFINITE_RECURSION = YES;
				CLANG_WARN_INT_CONVERSION = YES;
				CLANG_WARN_NON_LITERAL_NULL_CONVERSION = YES;
				CLANG_WARN_OBJC_IMPLICIT_RETAIN_SELF = YES;
				CLANG_WARN_OBJC_LITERAL_CONVERSION = YES;
				CLANG_WARN_OBJC_ROOT_CLASS = YES_ERROR;
				CLANG_WARN_RANGE_LOOP_ANALYSIS = YES;
				CLANG_WARN_STRICT_PROTOTYPES = YES;
				CLANG_WARN_SUSPICIOUS_MOVE = YES;
				CLANG_WARN_UNGUARDED_AVAILABILITY = YES_AGGRESSIVE;
				CLANG_WARN_UNREACHABLE_CODE = YES;
				CLANG_WARN__DUPLICATE_METHOD_MATCH = YES;
				COPY_PHASE_STRIP = NO;
				DEBUG_INFORMATION_FORMAT = "dwarf-with-dsym";
				ENABLE_NS_ASSERTIONS = NO;
				ENABLE_STRICT_OBJC_MSGSEND = YES;
				GCC_C_LANGUAGE_STANDARD = /*GCC_C_LANGUAGE_STANDARD*/;
				GCC_NO_COMMON_BLOCKS = YES;
				GCC_WARN_64_TO_32_BIT_CONVERSION = YES;
				GCC_WARN_ABOUT_RETURN_TYPE = YES_ERROR;
				GCC_WARN_UNDECLARED_SELECTOR = YES;
				GCC_WARN_UNINITIALIZED_AUTOS = YES_AGGRESSIVE;
				GCC_WARN_UNUSED_FUNCTION = YES;
				GCC_WARN_UNUSED_VARIABLE = YES;
				MACOSX_DEPLOYMENT_TARGET = /*MACOSX_DEPLOYMENT_TARGET*/;
				MTL_ENABLE_DEBUG_INFO = NO;
				MTL_FAST_MATH = YES;
				SDKROOT = macosx;

				GCC_PREPROCESSOR_DEFINITIONS = (
					"$(inherited)",
					/*DEFINES_RELEASE*/
				);
				FRAMEWORK_SEARCH_PATHS = (
					"$(inherited)",
					/*LIB_PATHS_RELEASE*/
				);
				HEADER_SEARCH_PATHS = (
					/*INCLUDES_RELEASE*/
				);
				LIBRARY_SEARCH_PATHS = (
					 /*LIB_PATHS_RELEASE*/
				);
				OTHER_CPLUSPLUSFLAGS = (
					"$(OTHER_CFLAGS)",
					/*BUILD_FLAGS_RELEASE*/
				);
				OTHER_LDFLAGS = (
					/*LINKER_FLAGS_RELEASE*/
				);
			};
			name = Release;
		};
		6BFF408C23EDCB6800C3629C /* Debug */ = {
			isa = XCBuildConfiguration;
			buildSettings = {
				ASSETCATALOG_COMPILER_APPICON_NAME = AppIcon;
				CODE_SIGN_ENTITLEMENTS = app/app.entitlements;
				CODE_SIGN_STYLE = Automatic;
				COMBINE_HIDPI_IMAGES = YES;
				INFOPLIST_FILE = app/Info.plist;
				LD_RUNPATH_SEARCH_PATHS = (
					"$(inherited)",
					"@executable_path/../Frameworks",
				);
				PRODUCT_BUNDLE_IDENTIFIER = /*PRODUCT_BUNDLE_IDENTIFIER*/;
				PRODUCT_NAME = "$(TARGET_NAME)";
			};
			name = Debug;
		};
		6BFF408D23EDCB6800C3629C /* Release */ = {
			isa = XCBuildConfiguration;
			buildSettings = {
				ASSETCATALOG_COMPILER_APPICON_NAME = AppIcon;
				CODE_SIGN_ENTITLEMENTS = app/app.entitlements;
				CODE_SIGN_STYLE = Automatic;
				COMBINE_HIDPI_IMAGES = YES;
				INFOPLIST_FILE = app/Info.plist;
				LD_RUNPATH_SEARCH_PATHS = (
					"$(inherited)",
					"@executable_path/../Frameworks",
				);
				PRODUCT_BUNDLE_IDENTIFIER = /*PRODUCT_BUNDLE_IDENTIFIER*/;
				PRODUCT_NAME = "$(TARGET_NAME)";
			};
			name = Release;
		};
/* End XCBuildConfiguration section */

/* Begin XCConfigurationList section */
		6BFF407523EDCB6400C3629C /* Build configuration list for PBXProject "app" */ = {
			isa = XCConfigurationList;
			buildConfigurations = (
				6BFF408923EDCB6800C3629C /* Debug */,
				6BFF408A23EDCB6800C3629C /* Release */,
			);
			defaultConfigurationIsVisible = 0;
			defaultConfigurationName = Release;
		};
		6BFF408B23EDCB6800C3629C /* Build configuration list for PBXNativeTarget "app" */ = {
			isa = XCConfigurationList;
			buildConfigurations = (
				6BFF408C23EDCB6800C3629C /* Debug */,
				6BFF408D23EDCB6800C3629C /* Release */,
			);
			defaultConfigurationIsVisible = 0;
			defaultConfigurationName = Release;
		};
/* End XCConfigurationList section */
	};
	rootObject = 6BFF407223EDCB6400C3629C /* Project object */;
}
